
Microsoft Visual Studio Solution File, Format Version 12.00
# Visual Studio Version 17
VisualStudioVersion = 17.1.32210.238
MinimumVisualStudioVersion = 10.0.40219.1
Project("{FAE04EC0-301F-11D3-BF4B-00C04F79EFBC}") = "HelloWorld", "HelloWorld.csproj", "{E36BB5D5-98B3-4B5B-9CE1-D8C8CF791BFF}"
EndProject
Global
	GlobalSection(SolutionConfigurationPlatforms) = preSolution
		Debug|Any CPU = Debug|Any CPU
		Release|Any CPU = Release|Any CPU
	EndGlobalSection
	GlobalSection(ProjectConfigurationPlatforms) = postSolution
		{E36BB5D5-98B3-4B5B-9CE1-D8C8CF791BFF}.Debug|Any CPU.ActiveCfg = Debug|Any CPU
		{E36BB5D5-98B3-4B5B-9CE1-D8C8CF791BFF}.Debug|Any CPU.Build.0 = Debug|Any CPU
		{E36BB5D5-98B3-4B5B-9CE1-D8C8CF791BFF}.Release|Any CPU.ActiveCfg = Release|Any CPU
		{E36BB5D5-98B3-4B5B-9CE1-D8C8CF791BFF}.Release|Any CPU.Build.0 = Release|Any CPU
	EndGlobalSection
	GlobalSection(SolutionProperties) = preSolution
		HideSolutionNode = FALSE
	EndGlobalSection
	GlobalSection(ExtensibilityGlobals) = postSolution
		SolutionGuid = {A307D1DE-30A9-4963-82AD-E91D0CC6FC57}
	EndGlobalSection
EndGlobal
