
Microsoft Visual Studio Solution File, Format Version 12.00
# Visual Studio Version 17
VisualStudioVersion = 17.1.32210.238
MinimumVisualStudioVersion = 10.0.40219.1
Project("{FAE04EC0-301F-11D3-BF4B-00C04F79EFBC}") = "StaticSınıf_Üyeler", "StaticSınıf_Üyeler.csproj", "{F796CBAA-FED4-4995-9D55-3C5837A1CDAF}"
EndProject
Global
	GlobalSection(SolutionConfigurationPlatforms) = preSolution
		Debug|Any CPU = Debug|Any CPU
		Release|Any CPU = Release|Any CPU
	EndGlobalSection
	GlobalSection(ProjectConfigurationPlatforms) = postSolution
		{F796CBAA-FED4-4995-9D55-3C5837A1CDAF}.Debug|Any CPU.ActiveCfg = Debug|Any CPU
		{F796CBAA-FED4-4995-9D55-3C5837A1CDAF}.Debug|Any CPU.Build.0 = Debug|Any CPU
		{F796CBAA-FED4-4995-9D55-3C5837A1CDAF}.Release|Any CPU.ActiveCfg = Release|Any CPU
		{F796CBAA-FED4-4995-9D55-3C5837A1CDAF}.Release|Any CPU.Build.0 = Release|Any CPU
	EndGlobalSection
	GlobalSection(SolutionProperties) = preSolution
		HideSolutionNode = FALSE
	EndGlobalSection
	GlobalSection(ExtensibilityGlobals) = postSolution
		SolutionGuid = {A2912006-1FAF-40D5-8B3D-AD0BA14C201D}
	EndGlobalSection
EndGlobal
