
Microsoft Visual Studio Solution File, Format Version 12.00
# Visual Studio Version 17
VisualStudioVersion = 17.1.32210.238
MinimumVisualStudioVersion = 10.0.40219.1
Project("{FAE04EC0-301F-11D3-BF4B-00C04F79EFBC}") = "String Metotları", "String Metotları.csproj", "{A2CA0D7D-D6C9-44C0-8542-722F2D341D16}"
EndProject
Global
	GlobalSection(SolutionConfigurationPlatforms) = preSolution
		Debug|Any CPU = Debug|Any CPU
		Release|Any CPU = Release|Any CPU
	EndGlobalSection
	GlobalSection(ProjectConfigurationPlatforms) = postSolution
		{A2CA0D7D-D6C9-44C0-8542-722F2D341D16}.Debug|Any CPU.ActiveCfg = Debug|Any CPU
		{A2CA0D7D-D6C9-44C0-8542-722F2D341D16}.Debug|Any CPU.Build.0 = Debug|Any CPU
		{A2CA0D7D-D6C9-44C0-8542-722F2D341D16}.Release|Any CPU.ActiveCfg = Release|Any CPU
		{A2CA0D7D-D6C9-44C0-8542-722F2D341D16}.Release|Any CPU.Build.0 = Release|Any CPU
	EndGlobalSection
	GlobalSection(SolutionProperties) = preSolution
		HideSolutionNode = FALSE
	EndGlobalSection
	GlobalSection(ExtensibilityGlobals) = postSolution
		SolutionGuid = {A2862BA9-E159-472C-B225-2C114D99AA97}
	EndGlobalSection
EndGlobal
